
Microsoft Visual Studio Solution File, Format Version 12.00
# Visual Studio Version 17
VisualStudioVersion = 17.0.31903.59
MinimumVisualStudioVersion = 10.0.40219.1
Project("{FAE04EC0-301F-11D3-BF4B-00C04F79EFBC}") = "SAGG", "SAGG\SAGG.csproj", "{D866F12B-4E47-4FAF-8B5A-962C041A528A}"
EndProject
Global
	GlobalSection(SolutionConfigurationPlatforms) = preSolution
		Debug|Any CPU = Debug|Any CPU
		Release|Any CPU = Release|Any CPU
	EndGlobalSection
	GlobalSection(ProjectConfigurationPlatforms) = postSolution
		{D866F12B-4E47-4FAF-8B5A-962C041A528A}.Debug|Any CPU.ActiveCfg = Debug|Any CPU
		{D866F12B-4E47-4FAF-8B5A-962C041A528A}.Debug|Any CPU.Build.0 = Debug|Any CPU
		{D866F12B-4E47-4FAF-8B5A-962C041A528A}.Release|Any CPU.ActiveCfg = Release|Any CPU
		{D866F12B-4E47-4FAF-8B5A-962C041A528A}.Release|Any CPU.Build.0 = Release|Any CPU
	EndGlobalSection
	GlobalSection(SolutionProperties) = preSolution
		HideSolutionNode = FALSE
	EndGlobalSection
	GlobalSection(ExtensibilityGlobals) = postSolution
		SolutionGuid = {6C3CDE8C-4157-4984-9220-43FC3A3DAFB4}
	EndGlobalSection
EndGlobal
